
Microsoft Visual Studio Solution File, Format Version 12.00
# Visual Studio Version 17
VisualStudioVersion = 17.6.33723.286
MinimumVisualStudioVersion = 10.0.40219.1
Project("{FAE04EC0-301F-11D3-BF4B-00C04F79EFBC}") = "KPO_Cursovaya", "KPO_Cursovaya\KPO_Cursovaya.csproj", "{6C2CCC99-5E82-4193-B016-7DF93B92BD0D}"
EndProject
Project("{FAE04EC0-301F-11D3-BF4B-00C04F79EFBC}") = "WebApp", "WebApp\WebApp.csproj", "{E6E238AB-DB77-4691-ABE1-30D1DDBC3138}"
EndProject
Global
	GlobalSection(SolutionConfigurationPlatforms) = preSolution
		Debug|Any CPU = Debug|Any CPU
		Release|Any CPU = Release|Any CPU
	EndGlobalSection
	GlobalSection(ProjectConfigurationPlatforms) = postSolution
		{6C2CCC99-5E82-4193-B016-7DF93B92BD0D}.Debug|Any CPU.ActiveCfg = Debug|Any CPU
		{6C2CCC99-5E82-4193-B016-7DF93B92BD0D}.Debug|Any CPU.Build.0 = Debug|Any CPU
		{6C2CCC99-5E82-4193-B016-7DF93B92BD0D}.Release|Any CPU.ActiveCfg = Release|Any CPU
		{6C2CCC99-5E82-4193-B016-7DF93B92BD0D}.Release|Any CPU.Build.0 = Release|Any CPU
		{E6E238AB-DB77-4691-ABE1-30D1DDBC3138}.Debug|Any CPU.ActiveCfg = Debug|Any CPU
		{E6E238AB-DB77-4691-ABE1-30D1DDBC3138}.Debug|Any CPU.Build.0 = Debug|Any CPU
		{E6E238AB-DB77-4691-ABE1-30D1DDBC3138}.Release|Any CPU.ActiveCfg = Release|Any CPU
		{E6E238AB-DB77-4691-ABE1-30D1DDBC3138}.Release|Any CPU.Build.0 = Release|Any CPU
	EndGlobalSection
	GlobalSection(SolutionProperties) = preSolution
		HideSolutionNode = FALSE
	EndGlobalSection
	GlobalSection(ExtensibilityGlobals) = postSolution
		SolutionGuid = {86440212-1993-4A5F-8C30-2D806122D471}
	EndGlobalSection
EndGlobal
