
Microsoft Visual Studio Solution File, Format Version 12.00
# Visual Studio Version 17
VisualStudioVersion = 17.6.33723.286
MinimumVisualStudioVersion = 10.0.40219.1
Project("{9A19103F-16F7-4668-BE54-9A1E7A4F7556}") = "DbData", "DbData\DbData.csproj", "{6C2CCC99-5E82-4193-B016-7DF93B92BD0D}"
EndProject
Project("{9A19103F-16F7-4668-BE54-9A1E7A4F7556}") = "WebApp", "WebApp\WebApp.csproj", "{E6E238AB-DB77-4691-ABE1-30D1DDBC3138}"
EndProject
Project("{9A19103F-16F7-4668-BE54-9A1E7A4F7556}") = "WebPhotos.Tests", "WebPhotos.Tests\WebPhotos.Tests.csproj", "{D72CCF41-B919-4E64-8F98-71BFCB071B71}"
EndProject
Project("{2150E333-8FDC-42A3-9474-1A3956D46DE8}") = "Ocr", "Ocr", "{CCC89000-DBCA-40B8-BE7F-0666745EA267}"
EndProject
Project("{9A19103F-16F7-4668-BE54-9A1E7A4F7556}") = "RecBot", "RecBot\RecBot.csproj", "{B24B302B-F425-46EC-AFA5-D4CC8AE9FE8A}"
EndProject
Global
	GlobalSection(SolutionConfigurationPlatforms) = preSolution
		Debug|Any CPU = Debug|Any CPU
		Release|Any CPU = Release|Any CPU
	EndGlobalSection
	GlobalSection(ProjectConfigurationPlatforms) = postSolution
		{6C2CCC99-5E82-4193-B016-7DF93B92BD0D}.Debug|Any CPU.ActiveCfg = Debug|Any CPU
		{6C2CCC99-5E82-4193-B016-7DF93B92BD0D}.Debug|Any CPU.Build.0 = Debug|Any CPU
		{6C2CCC99-5E82-4193-B016-7DF93B92BD0D}.Release|Any CPU.ActiveCfg = Release|Any CPU
		{6C2CCC99-5E82-4193-B016-7DF93B92BD0D}.Release|Any CPU.Build.0 = Release|Any CPU
		{E6E238AB-DB77-4691-ABE1-30D1DDBC3138}.Debug|Any CPU.ActiveCfg = Debug|Any CPU
		{E6E238AB-DB77-4691-ABE1-30D1DDBC3138}.Debug|Any CPU.Build.0 = Debug|Any CPU
		{E6E238AB-DB77-4691-ABE1-30D1DDBC3138}.Release|Any CPU.ActiveCfg = Release|Any CPU
		{E6E238AB-DB77-4691-ABE1-30D1DDBC3138}.Release|Any CPU.Build.0 = Release|Any CPU
		{D72CCF41-B919-4E64-8F98-71BFCB071B71}.Debug|Any CPU.ActiveCfg = Debug|Any CPU
		{D72CCF41-B919-4E64-8F98-71BFCB071B71}.Debug|Any CPU.Build.0 = Debug|Any CPU
		{D72CCF41-B919-4E64-8F98-71BFCB071B71}.Release|Any CPU.ActiveCfg = Release|Any CPU
		{D72CCF41-B919-4E64-8F98-71BFCB071B71}.Release|Any CPU.Build.0 = Release|Any CPU
		{B24B302B-F425-46EC-AFA5-D4CC8AE9FE8A}.Debug|Any CPU.ActiveCfg = Debug|Any CPU
		{B24B302B-F425-46EC-AFA5-D4CC8AE9FE8A}.Debug|Any CPU.Build.0 = Debug|Any CPU
		{B24B302B-F425-46EC-AFA5-D4CC8AE9FE8A}.Release|Any CPU.ActiveCfg = Release|Any CPU
		{B24B302B-F425-46EC-AFA5-D4CC8AE9FE8A}.Release|Any CPU.Build.0 = Release|Any CPU
	EndGlobalSection
	GlobalSection(SolutionProperties) = preSolution
		HideSolutionNode = FALSE
	EndGlobalSection
	GlobalSection(NestedProjects) = preSolution
		{B24B302B-F425-46EC-AFA5-D4CC8AE9FE8A} = {CCC89000-DBCA-40B8-BE7F-0666745EA267}
	EndGlobalSection
	GlobalSection(ExtensibilityGlobals) = postSolution
		SolutionGuid = {86440212-1993-4A5F-8C30-2D806122D471}
	EndGlobalSection
EndGlobal
